# generated by rye
# use `rye lock` or `rye sync` to update this lockfile
#
# last locked with the following flags:
#   pre: false
#   features: []
#   all-features: false
#   with-sources: false

-e file:.
acoupi @ file://../acoupi
amqp==5.2.0
    # via kombu
annotated-types==0.7.0
    # via pydantic
astral==3.2
    # via acoupi
audioread==3.0.1
    # via librosa
billiard==4.2.0
    # via celery
birdnetlib==0.17.2
    # via acoupi-birdnet
celery==5.4.0
    # via acoupi
certifi==2024.2.2
    # via requests
cffi==1.16.0
    # via sounddevice
    # via soundfile
charset-normalizer==3.3.2
    # via requests
click==8.1.7
    # via acoupi
    # via celery
    # via click-didyoumean
    # via click-plugins
    # via click-repl
click-didyoumean==0.3.1
    # via celery
click-plugins==1.1.1
    # via celery
click-repl==0.3.0
    # via celery
contourpy==1.2.1
    # via matplotlib
cycler==0.12.1
    # via matplotlib
decorator==5.1.1
    # via librosa
dnspython==2.6.1
    # via eventlet
eventlet==0.36.1
    # via acoupi
exceptiongroup==1.2.1
    # via pytest
flatbuffers==24.3.25
    # via tflite
fonttools==4.51.0
    # via matplotlib
greenlet==3.0.3
    # via eventlet
idna==3.7
    # via requests
importlib-resources==6.4.0
    # via matplotlib
iniconfig==2.0.0
    # via pytest
jinja2==3.1.4
    # via acoupi
joblib==1.4.2
    # via librosa
    # via scikit-learn
kiwisolver==1.4.5
    # via matplotlib
kombu==5.3.7
    # via celery
lazy-loader==0.4
    # via librosa
librosa==0.10.2.post1
    # via acoupi-birdnet
llvmlite==0.42.0
    # via numba
markupsafe==2.1.5
    # via jinja2
matplotlib==3.9.0
    # via birdnetlib
msgpack==1.0.8
    # via librosa
numba==0.59.1
    # via librosa
numpy==1.26.4
    # via contourpy
    # via librosa
    # via matplotlib
    # via numba
    # via scikit-learn
    # via scipy
    # via soxr
    # via tflite
    # via tflite-runtime
packaging==24.0
    # via lazy-loader
    # via matplotlib
    # via pooch
    # via pytest
paho-mqtt==2.1.0
    # via acoupi
pillow==10.3.0
    # via matplotlib
platformdirs==4.2.2
    # via pooch
pluggy==1.5.0
    # via pytest
pony==0.7.17
    # via acoupi
pooch==1.8.1
    # via librosa
prompt-toolkit==3.0.43
    # via click-repl
pyaudio==0.2.14
    # via acoupi
pycparser==2.22
    # via cffi
pydantic==2.7.1
    # via acoupi
    # via pydantic-settings
pydantic-core==2.18.2
    # via pydantic
pydantic-settings==2.2.1
    # via acoupi
pydub==0.25.1
    # via birdnetlib
pyparsing==3.1.2
    # via matplotlib
pytest==8.2.1
python-dateutil==2.9.0.post0
    # via celery
    # via matplotlib
python-dotenv==1.0.1
    # via pydantic-settings
pytz==2024.1
    # via acoupi
pyyaml==6.0.1
    # via acoupi
requests==2.32.1
    # via acoupi
    # via birdnetlib
    # via pooch
scikit-learn==1.5.0
    # via librosa
scipy==1.13.0
    # via librosa
    # via scikit-learn
six==1.16.0
    # via python-dateutil
sounddevice==0.4.6
    # via acoupi
soundfile==0.12.1
    # via librosa
soxr==0.3.7
    # via librosa
tflite==2.10.0
    # via acoupi-birdnet
tflite-runtime==2.14.0
    # via acoupi-birdnet
threadpoolctl==3.5.0
    # via scikit-learn
tomli==2.0.1
    # via pytest
typing-extensions==4.11.0
    # via kombu
    # via librosa
    # via pydantic
    # via pydantic-core
tzdata==2024.1
    # via celery
urllib3==2.2.1
    # via requests
vine==5.1.0
    # via amqp
    # via celery
    # via kombu
watchdog==2.1.9
    # via birdnetlib
wcwidth==0.2.13
    # via prompt-toolkit
zipp==3.18.2
    # via importlib-resources
